// !$*UTF8*$!
{
	archiveVersion = 1;
	classes = {
	};
	objectVersion = 50;
	objects = {

/* Begin PBXBuildFile section */
		279C2DE122520CA30070210A /* AppDelegate.swift in Sources */ = {isa = PBXBuildFile; fileRef = 279C2DE022520CA30070210A /* AppDelegate.swift */; };
		279C2DE322520CA30070210A /* ViewController.swift in Sources */ = {isa = PBXBuildFile; fileRef = 279C2DE222520CA30070210A /* ViewController.swift */; };
		279C2DE622520CA30070210A /* Main.storyboard in Resources */ = {isa = PBXBuildFile; fileRef = 279C2DE422520CA30070210A /* Main.storyboard */; };
		279C2DE922520CA30070210A /* Concentration.xcdatamodeld in Sources */ = {isa = PBXBuildFile; fileRef = 279C2DE722520CA30070210A /* Concentration.xcdatamodeld */; };
		279C2DEB22520CA50070210A /* Assets.xcassets in Resources */ = {isa = PBXBuildFile; fileRef = 279C2DEA22520CA50070210A /* Assets.xcassets */; };
		279C2DEE22520CA50070210A /* LaunchScreen.storyboard in Resources */ = {isa = PBXBuildFile; fileRef = 279C2DEC22520CA50070210A /* LaunchScreen.storyboard */; };
/* End PBXBuildFile section */

/* Begin PBXFileReference section */
		279C2DDD22520CA30070210A /* Concentration.app */ = {isa = PBXFileReference; explicitFileType = wrapper.application; includeInIndex = 0; path = Concentration.app; sourceTree = BUILT_PRODUCTS_DIR; };
		279C2DE022520CA30070210A /* AppDelegate.swift */ = {isa = PBXFileReference; lastKnownFileType = sourcecode.swift; path = AppDelegate.swift; sourceTree = "<group>"; };
		279C2DE222520CA30070210A /* ViewController.swift */ = {isa = PBXFileReference; lastKnownFileType = sourcecode.swift; path = ViewController.swift; sourceTree = "<group>"; };
		279C2DE522520CA30070210A /* Base */ = {isa = PBXFileReference; lastKnownFileType = file.storyboard; name = Base; path = Base.lproj/Main.storyboard; sourceTree = "<group>"; };
		279C2DE822520CA30070210A /* Concentration.xcdatamodel */ = {isa = PBXFileReference; lastKnownFileType = wrapper.xcdatamodel; path = Concentration.xcdatamodel; sourceTree = "<group>"; };
		279C2DEA22520CA50070210A /* Assets.xcassets */ = {isa = PBXFileReference; lastKnownFileType = folder.assetcatalog; path = Assets.xcassets; sourceTree = "<group>"; };
		279C2DED22520CA50070210A /* Base */ = {isa = PBXFileReference; lastKnownFileType = file.storyboard; name = Base; path = Base.lproj/LaunchScreen.storyboard; sourceTree = "<group>"; };
		279C2DEF22520CA50070210A /* Info.plist */ = {isa = PBXFileReference; lastKnownFileType = text.plist.xml; path = Info.plist; sourceTree = "<group>"; };
/* End PBXFileReference section */

/* Begin PBXFrameworksBuildPhase section */
		279C2DDA22520CA30070210A /* Frameworks */ = {
			isa = PBXFrameworksBuildPhase;
			buildActionMask = 2147483647;
			files = (
			);
			runOnlyForDeploymentPostprocessing = 0;
		};
/* End PBXFrameworksBuildPhase section */

/* Begin PBXGroup section */
		279C2DD422520CA30070210A = {
			isa = PBXGroup;
			children = (
				279C2DDF22520CA30070210A /* Concentration */,
				279C2DDE22520CA30070210A /* Products */,
			);
			sourceTree = "<group>";
		};
		279C2DDE22520CA30070210A /* Products */ = {
			isa = PBXGroup;
			children = (
				279C2DDD22520CA30070210A /* Concentration.app */,
			);
			name = Products;
			sourceTree = "<group>";
		};
		279C2DDF22520CA30070210A /* Concentration */ = {
			isa = PBXGroup;
			children = (
				279C2DE022520CA30070210A /* AppDelegate.swift */,
				279C2DE222520CA30070210A /* ViewController.swift */,
				279C2DE422520CA30070210A /* Main.storyboard */,
				279C2DEA22520CA50070210A /* Assets.xcassets */,
				279C2DEC22520CA50070210A /* LaunchScreen.storyboard */,
				279C2DEF22520CA50070210A /* Info.plist */,
				279C2DE722520CA30070210A /* Concentration.xcdatamodeld */,
			);
			path = Concentration;
			sourceTree = "<group>";
		};
/* End PBXGroup section */

/* Begin PBXNativeTarget section */
		279C2DDC22520CA30070210A /* Concentration */ = {
			isa = PBXNativeTarget;
			buildConfigurationList = 279C2DF222520CA50070210A /* Build configuration list for PBXNativeTarget "Concentration" */;
			buildPhases = (
				279C2DD922520CA30070210A /* Sources */,
				279C2DDA22520CA30070210A /* Frameworks */,
				279C2DDB22520CA30070210A /* Resources */,
			);
			buildRules = (
			);
			dependencies = (
			);
			name = Concentration;
			productName = Concentration;
			productReference = 279C2DDD22520CA30070210A /* Concentration.app */;
			productType = "com.apple.product-type.application";
		};
/* End PBXNativeTarget section */

/* Begin PBXProject section */
		279C2DD522520CA30070210A /* Project object */ = {
			isa = PBXProject;
			attributes = {
				LastSwiftUpdateCheck = 1020;
				LastUpgradeCheck = 1020;
				ORGANIZATIONNAME = jangre;
				TargetAttributes = {
					279C2DDC22520CA30070210A = {
						CreatedOnToolsVersion = 10.2;
					};
				};
			};
			buildConfigurationList = 279C2DD822520CA30070210A /* Build configuration list for PBXProject "Concentration" */;
			compatibilityVersion = "Xcode 9.3";
			developmentRegion = en;
			hasScannedForEncodings = 0;
			knownRegions = (
				en,
				Base,
			);
			mainGroup = 279C2DD422520CA30070210A;
			productRefGroup = 279C2DDE22520CA30070210A /* Products */;
			projectDirPath = "";
			projectRoot = "";
			targets = (
				279C2DDC22520CA30070210A /* Concentration */,
			);
		};
/* End PBXProject section */

/* Begin PBXResourcesBuildPhase section */
		279C2DDB22520CA30070210A /* Resources */ = {
			isa = PBXResourcesBuildPhase;
			buildActionMask = 2147483647;
			files = (
				279C2DEE22520CA50070210A /* LaunchScreen.storyboard in Resources */,
				279C2DEB22520CA50070210A /* Assets.xcassets in Resources */,
				279C2DE622520CA30070210A /* Main.storyboard in Resources */,
			);
			runOnlyForDeploymentPostprocessing = 0;
		};
/* End PBXResourcesBuildPhase section */

/* Begin PBXSourcesBuildPhase section */
		279C2DD922520CA30070210A /* Sources */ = {
			isa = PBXSourcesBuildPhase;
			buildActionMask = 2147483647;
			files = (
				279C2DE322520CA30070210A /* ViewController.swift in Sources */,
				279C2DE922520CA30070210A /* Concentration.xcdatamodeld in Sources */,
				279C2DE122520CA30070210A /* AppDelegate.swift in Sources */,
			);
			runOnlyForDeploymentPostprocessing = 0;
		};
/* End PBXSourcesBuildPhase section */

/* Begin PBXVariantGroup section */
		279C2DE422520CA30070210A /* Main.storyboard */ = {
			isa = PBXVariantGroup;
			children = (
				279C2DE522520CA30070210A /* Base */,
			);
			name = Main.storyboard;
			sourceTree = "<group>";
		};
		279C2DEC22520CA50070210A /* LaunchScreen.storyboard */ = {
			isa = PBXVariantGroup;
			children = (
				279C2DED22520CA50070210A /* Base */,
			);
			name = LaunchScreen.storyboard;
			sourceTree = "<group>";
		};
/* End PBXVariantGroup section */

/* Begin XCBuildConfiguration section */
		279C2DF022520CA50070210A /* Debug */ = {
			isa = XCBuildConfiguration;
			buildSettings = {
				ALWAYS_SEARCH_USER_PATHS = NO;
				CLANG_ANALYZER_NONNULL = YES;
				CLANG_ANALYZER_NUMBER_OBJECT_CONVERSION = YES_AGGRESSIVE;
				CLANG_CXX_LANGUAGE_STANDARD = "gnu++14";
				CLANG_CXX_LIBRARY = "libc++";
				CLANG_ENABLE_MODULES = YES;
				CLANG_ENABLE_OBJC_ARC = YES;
				CLANG_ENABLE_OBJC_WEAK = YES;
				CLANG_WARN_BLOCK_CAPTURE_AUTORELEASING = YES;
				CLANG_WARN_BOOL_CONVERSION = YES;
				CLANG_WARN_COMMA = YES;
				CLANG_WARN_CONSTANT_CONVERSION = YES;
				CLANG_WARN_DEPRECATED_OBJC_IMPLEMENTATIONS = YES;
				CLANG_WARN_DIRECT_OBJC_ISA_USAGE = YES_ERROR;
				CLANG_WARN_DOCUMENTATION_COMMENTS = YES;
				CLANG_WARN_EMPTY_BODY = YES;
				CLANG_WARN_ENUM_CONVERSION = YES;
				CLANG_WARN_INFINITE_RECURSION = YES;
				CLANG_WARN_INT_CONVERSION = YES;
				CLANG_WARN_NON_LITERAL_NULL_CONVERSION = YES;
				CLANG_WARN_OBJC_IMPLICIT_RETAIN_SELF = YES;
				CLANG_WARN_OBJC_LITERAL_CONVERSION = YES;
				CLANG_WARN_OBJC_ROOT_CLASS = YES_ERROR;
				CLANG_WARN_RANGE_LOOP_ANALYSIS = YES;
				CLANG_WARN_STRICT_PROTOTYPES = YES;
				CLANG_WARN_SUSPICIOUS_MOVE = YES;
				CLANG_WARN_UNGUARDED_AVAILABILITY = YES_AGGRESSIVE;
				CLANG_WARN_UNREACHABLE_CODE = YES;
				CLANG_WARN__DUPLICATE_METHOD_MATCH = YES;
				CODE_SIGN_IDENTITY = "iPhone Developer";
				COPY_PHASE_STRIP = NO;
				DEBUG_INFORMATION_FORMAT = dwarf;
				ENABLE_STRICT_OBJC_MSGSEND = YES;
				ENABLE_TESTABILITY = YES;
				GCC_C_LANGUAGE_STANDARD = gnu11;
				GCC_DYNAMIC_NO_PIC = NO;
				GCC_NO_COMMON_BLOCKS = YES;
				GCC_OPTIMIZATION_LEVEL = 0;
				GCC_PREPROCESSOR_DEFINITIONS = (
					"DEBUG=1",
					"$(inherited)",
				);
				GCC_WARN_64_TO_32_BIT_CONVERSION = YES;
				GCC_WARN_ABOUT_RETURN_TYPE = YES_ERROR;
				GCC_WARN_UNDECLARED_SELECTOR = YES;
				GCC_WARN_UNINITIALIZED_AUTOS = YES_AGGRESSIVE;
				GCC_WARN_UNUSED_FUNCTION = YES;
				GCC_WARN_UNUSED_VARIABLE = YES;
				IPHONEOS_DEPLOYMENT_TARGET = 12.2;
				MTL_ENABLE_DEBUG_INFO = INCLUDE_SOURCE;
				MTL_FAST_MATH = YES;
				ONLY_ACTIVE_ARCH = YES;
				SDKROOT = iphoneos;
				SWIFT_ACTIVE_COMPILATION_CONDITIONS = DEBUG;
				SWIFT_OPTIMIZATION_LEVEL = "-Onone";
			};
			name = Debug;
		};
		279C2DF122520CA50070210A /* Release */ = {
			isa = XCBuildConfiguration;
			buildSettings = {
				ALWAYS_SEARCH_USER_PATHS = NO;
				CLANG_ANALYZER_NONNULL = YES;
				CLANG_ANALYZER_NUMBER_OBJECT_CONVERSION = YES_AGGRESSIVE;
				CLANG_CXX_LANGUAGE_STANDARD = "gnu++14";
				CLANG_CXX_LIBRARY = "libc++";
				CLANG_ENABLE_MODULES = YES;
				CLANG_ENABLE_OBJC_ARC = YES;
				CLANG_ENABLE_OBJC_WEAK = YES;
				CLANG_WARN_BLOCK_CAPTURE_AUTORELEASING = YES;
				CLANG_WARN_BOOL_CONVERSION = YES;
				CLANG_WARN_COMMA = YES;
				CLANG_WARN_CONSTANT_CONVERSION = YES;
				CLANG_WARN_DEPRECATED_OBJC_IMPLEMENTATIONS = YES;
				CLANG_WARN_DIRECT_OBJC_ISA_USAGE = YES_ERROR;
				CLANG_WARN_DOCUMENTATION_COMMENTS = YES;
				CLANG_WARN_EMPTY_BODY = YES;
				CLANG_WARN_ENUM_CONVERSION = YES;
				CLANG_WARN_INFINITE_RECURSION = YES;
				CLANG_WARN_INT_CONVERSION = YES;
				CLANG_WARN_NON_LITERAL_NULL_CONVERSION = YES;
				CLANG_WARN_OBJC_IMPLICIT_RETAIN_SELF = YES;
				CLANG_WARN_OBJC_LITERAL_CONVERSION = YES;
				CLANG_WARN_OBJC_ROOT_CLASS = YES_ERROR;
				CLANG_WARN_RANGE_LOOP_ANALYSIS = YES;
				CLANG_WARN_STRICT_PROTOTYPES = YES;
				CLANG_WARN_SUSPICIOUS_MOVE = YES;
				CLANG_WARN_UNGUARDED_AVAILABILITY = YES_AGGRESSIVE;
				CLANG_WARN_UNREACHABLE_CODE = YES;
				CLANG_WARN__DUPLICATE_METHOD_MATCH = YES;
				CODE_SIGN_IDENTITY = "iPhone Developer";
				COPY_PHASE_STRIP = NO;
				DEBUG_INFORMATION_FORMAT = "dwarf-with-dsym";
				ENABLE_NS_ASSERTIONS = NO;
				ENABLE_STRICT_OBJC_MSGSEND = YES;
				GCC_C_LANGUAGE_STANDARD = gnu11;
				GCC_NO_COMMON_BLOCKS = YES;
				GCC_WARN_64_TO_32_BIT_CONVERSION = YES;
				GCC_WARN_ABOUT_RETURN_TYPE = YES_ERROR;
				GCC_WARN_UNDECLARED_SELECTOR = YES;
				GCC_WARN_UNINITIALIZED_AUTOS = YES_AGGRESSIVE;
				GCC_WARN_UNUSED_FUNCTION = YES;
				GCC_WARN_UNUSED_VARIABLE = YES;
				IPHONEOS_DEPLOYMENT_TARGET = 12.2;
				MTL_ENABLE_DEBUG_INFO = NO;
				MTL_FAST_MATH = YES;
				SDKROOT = iphoneos;
				SWIFT_COMPILATION_MODE = wholemodule;
				SWIFT_OPTIMIZATION_LEVEL = "-O";
				VALIDATE_PRODUCT = YES;
			};
			name = Release;
		};
		279C2DF322520CA50070210A /* Debug */ = {
			isa = XCBuildConfiguration;
			buildSettings = {
				ASSETCATALOG_COMPILER_APPICON_NAME = AppIcon;
				CODE_SIGN_STYLE = Automatic;
				DEVELOPMENT_TEAM = 57D97FY9G4;
				INFOPLIST_FILE = Concentration/Info.plist;
				LD_RUNPATH_SEARCH_PATHS = (
					"$(inherited)",
					"@executable_path/Frameworks",
				);
				PRODUCT_BUNDLE_IDENTIFIER = io.github.grejangre.Concentration;
				PRODUCT_NAME = "$(TARGET_NAME)";
				SWIFT_VERSION = 5.0;
				TARGETED_DEVICE_FAMILY = "1,2";
			};
			name = Debug;
		};
		279C2DF422520CA50070210A /* Release */ = {
			isa = XCBuildConfiguration;
			buildSettings = {
				ASSETCATALOG_COMPILER_APPICON_NAME = AppIcon;
				CODE_SIGN_STYLE = Automatic;
				DEVELOPMENT_TEAM = 57D97FY9G4;
				INFOPLIST_FILE = Concentration/Info.plist;
				LD_RUNPATH_SEARCH_PATHS = (
					"$(inherited)",
					"@executable_path/Frameworks",
				);
				PRODUCT_BUNDLE_IDENTIFIER = io.github.grejangre.Concentration;
				PRODUCT_NAME = "$(TARGET_NAME)";
				SWIFT_VERSION = 5.0;
				TARGETED_DEVICE_FAMILY = "1,2";
			};
			name = Release;
		};
/* End XCBuildConfiguration section */

/* Begin XCConfigurationList section */
		279C2DD822520CA30070210A /* Build configuration list for PBXProject "Concentration" */ = {
			isa = XCConfigurationList;
			buildConfigurations = (
				279C2DF022520CA50070210A /* Debug */,
				279C2DF122520CA50070210A /* Release */,
			);
			defaultConfigurationIsVisible = 0;
			defaultConfigurationName = Release;
		};
		279C2DF222520CA50070210A /* Build configuration list for PBXNativeTarget "Concentration" */ = {
			isa = XCConfigurationList;
			buildConfigurations = (
				279C2DF322520CA50070210A /* Debug */,
				279C2DF422520CA50070210A /* Release */,
			);
			defaultConfigurationIsVisible = 0;
			defaultConfigurationName = Release;
		};
/* End XCConfigurationList section */

/* Begin XCVersionGroup section */
		279C2DE722520CA30070210A /* Concentration.xcdatamodeld */ = {
			isa = XCVersionGroup;
			children = (
				279C2DE822520CA30070210A /* Concentration.xcdatamodel */,
			);
			currentVersion = 279C2DE822520CA30070210A /* Concentration.xcdatamodel */;
			path = Concentration.xcdatamodeld;
			sourceTree = "<group>";
			versionGroupType = wrapper.xcdatamodel;
		};
/* End XCVersionGroup section */
	};
	rootObject = 279C2DD522520CA30070210A /* Project object */;
}
